PODS:
  - Flutter (1.0.0)
  - integration_test (0.0.1):
    - Flutter
  - speedometer_chart (0.0.1):
    - Flutter

DEPENDENCIES:
  - Flutter (from `Flutter`)
  - integration_test (from `.symlinks/plugins/integration_test/ios`)
  - speedometer_chart (from `.symlinks/plugins/speedometer_chart/ios`)

EXTERNAL SOURCES:
  Flutter:
    :path: Flutter
  integration_test:
    :path: ".symlinks/plugins/integration_test/ios"
  speedometer_chart:
    :path: ".symlinks/plugins/speedometer_chart/ios"

SPEC CHECKSUMS:
  Flutter: f04841e97a9d0b0a8025694d0796dd46242b2854
  integration_test: 13825b8a9334a850581300559b8839134b124670
  speedometer_chart: 1afd8dfdf18143f0a992d061fa6c40b0a01453ba

PODFILE CHECKSUM: 70d9d25280d0dd177a5f637cdb0f0b0b12c6a189

COCOAPODS: 1.12.1
